
Microsoft Visual Studio Solution File, Format Version 12.00
# Visual Studio Version 17
VisualStudioVersion = 17.3.32929.385
MinimumVisualStudioVersion = 10.0.40219.1
Project("{FAE04EC0-301F-11D3-BF4B-00C04F79EFBC}") = "Marathone_WPF_2J", "Marathone_WPF_2J\Marathone_WPF_2J.csproj", "{553AC618-0622-4FF0-93DF-C9BEB88036AA}"
EndProject
Project("{FAE04EC0-301F-11D3-BF4B-00C04F79EFBC}") = "Task_2", "Task_2\Task_2.csproj", "{7D2C8F94-FAEB-4A5B-8DAE-7F9FF991E904}"
EndProject
Project("{FAE04EC0-301F-11D3-BF4B-00C04F79EFBC}") = "Task_3", "Task_3\Task_3.csproj", "{48C10738-ADD7-496E-8D65-ECD53D3BC004}"
EndProject
Project("{FAE04EC0-301F-11D3-BF4B-00C04F79EFBC}") = "Task_04", "Task_04\Task_04.csproj", "{72DC969A-5244-4551-8BBA-7B2DA6E46FA8}"
EndProject
Global
	GlobalSection(SolutionConfigurationPlatforms) = preSolution
		Debug|Any CPU = Debug|Any CPU
		Release|Any CPU = Release|Any CPU
	EndGlobalSection
	GlobalSection(ProjectConfigurationPlatforms) = postSolution
		{553AC618-0622-4FF0-93DF-C9BEB88036AA}.Debug|Any CPU.ActiveCfg = Debug|Any CPU
		{553AC618-0622-4FF0-93DF-C9BEB88036AA}.Debug|Any CPU.Build.0 = Debug|Any CPU
		{553AC618-0622-4FF0-93DF-C9BEB88036AA}.Release|Any CPU.ActiveCfg = Release|Any CPU
		{553AC618-0622-4FF0-93DF-C9BEB88036AA}.Release|Any CPU.Build.0 = Release|Any CPU
		{7D2C8F94-FAEB-4A5B-8DAE-7F9FF991E904}.Debug|Any CPU.ActiveCfg = Debug|Any CPU
		{7D2C8F94-FAEB-4A5B-8DAE-7F9FF991E904}.Debug|Any CPU.Build.0 = Debug|Any CPU
		{7D2C8F94-FAEB-4A5B-8DAE-7F9FF991E904}.Release|Any CPU.ActiveCfg = Release|Any CPU
		{7D2C8F94-FAEB-4A5B-8DAE-7F9FF991E904}.Release|Any CPU.Build.0 = Release|Any CPU
		{48C10738-ADD7-496E-8D65-ECD53D3BC004}.Debug|Any CPU.ActiveCfg = Debug|Any CPU
		{48C10738-ADD7-496E-8D65-ECD53D3BC004}.Debug|Any CPU.Build.0 = Debug|Any CPU
		{48C10738-ADD7-496E-8D65-ECD53D3BC004}.Release|Any CPU.ActiveCfg = Release|Any CPU
		{48C10738-ADD7-496E-8D65-ECD53D3BC004}.Release|Any CPU.Build.0 = Release|Any CPU
		{72DC969A-5244-4551-8BBA-7B2DA6E46FA8}.Debug|Any CPU.ActiveCfg = Debug|Any CPU
		{72DC969A-5244-4551-8BBA-7B2DA6E46FA8}.Debug|Any CPU.Build.0 = Debug|Any CPU
		{72DC969A-5244-4551-8BBA-7B2DA6E46FA8}.Release|Any CPU.ActiveCfg = Release|Any CPU
		{72DC969A-5244-4551-8BBA-7B2DA6E46FA8}.Release|Any CPU.Build.0 = Release|Any CPU
	EndGlobalSection
	GlobalSection(SolutionProperties) = preSolution
		HideSolutionNode = FALSE
	EndGlobalSection
	GlobalSection(ExtensibilityGlobals) = postSolution
		SolutionGuid = {5E1C6ABA-DBC3-447A-82F0-658D391A761E}
	EndGlobalSection
EndGlobal
